
Microsoft Visual Studio Solution File, Format Version 12.00
# Visual Studio Version 16
VisualStudioVersion = 16.0.35425.106
MinimumVisualStudioVersion = 10.0.40219.1
Project("{FAE04EC0-301F-11D3-BF4B-00C04F79EFBC}") = "QuickLaunch", "QuickLaunch.csproj", "{A37DC7E5-9018-42C4-8963-40FA7B07AB84}"
EndProject
Global
	GlobalSection(SolutionConfigurationPlatforms) = preSolution
		Debug|Any CPU = Debug|Any CPU
		Release|Any CPU = Release|Any CPU
	EndGlobalSection
	GlobalSection(ProjectConfigurationPlatforms) = postSolution
		{A37DC7E5-9018-42C4-8963-40FA7B07AB84}.Debug|Any CPU.ActiveCfg = Debug|Any CPU
		{A37DC7E5-9018-42C4-8963-40FA7B07AB84}.Debug|Any CPU.Build.0 = Debug|Any CPU
		{A37DC7E5-9018-42C4-8963-40FA7B07AB84}.Release|Any CPU.ActiveCfg = Release|Any CPU
		{A37DC7E5-9018-42C4-8963-40FA7B07AB84}.Release|Any CPU.Build.0 = Release|Any CPU
	EndGlobalSection
	GlobalSection(SolutionProperties) = preSolution
		HideSolutionNode = FALSE
	EndGlobalSection
	GlobalSection(ExtensibilityGlobals) = postSolution
		SolutionGuid = {E31AAADD-991D-42E5-83EC-7B86F8E2F136}
	EndGlobalSection
EndGlobal
